
Microsoft Visual Studio Solution File, Format Version 12.00
# Visual Studio Version 16
VisualStudioVersion = 16.0.30717.126
MinimumVisualStudioVersion = 10.0.40219.1
Project("{FAE04EC0-301F-11D3-BF4B-00C04F79EFBC}") = "AdventOfCode", "..\AdventOfCode\AdventOfCode\AdventOfCode.csproj", "{EBB07FE7-14EF-48B0-8B9F-F26E1948E0A1}"
	ProjectSection(ProjectDependencies) = postProject
		{620A7F1E-1DF3-4201-A84D-AADE54683D75} = {620A7F1E-1DF3-4201-A84D-AADE54683D75}
		{E17FA51E-B866-4D76-A944-D123A10D3CAE} = {E17FA51E-B866-4D76-A944-D123A10D3CAE}
		{E3A20C34-CDF7-4F62-9473-4555FA7C13B5} = {E3A20C34-CDF7-4F62-9473-4555FA7C13B5}
		{9A385546-97EB-445F-A519-BDB0A140C1DE} = {9A385546-97EB-445F-A519-BDB0A140C1DE}
		{BBE6165E-B6AE-4BBA-B71E-595A2F0BEAC7} = {BBE6165E-B6AE-4BBA-B71E-595A2F0BEAC7}
		{C112CC6A-3269-47C8-AD7B-B0C4F5951D8F} = {C112CC6A-3269-47C8-AD7B-B0C4F5951D8F}
		{C92F7F75-FFA0-4A16-BCF1-390D9F936606} = {C92F7F75-FFA0-4A16-BCF1-390D9F936606}
		{165E4484-1DCB-4D98-B7A1-28EDDA9EEE6C} = {165E4484-1DCB-4D98-B7A1-28EDDA9EEE6C}
		{0C247891-656A-425E-BC04-B79358999EDF} = {0C247891-656A-425E-BC04-B79358999EDF}
		{A8E03392-3DBF-4BFE-A89C-0019C6F9F297} = {A8E03392-3DBF-4BFE-A89C-0019C6F9F297}
		{967524C2-7C49-48CF-A840-E759B2CBEBBA} = {967524C2-7C49-48CF-A840-E759B2CBEBBA}
		{7470B7C3-EC90-427A-9E17-4C56C18A04F7} = {7470B7C3-EC90-427A-9E17-4C56C18A04F7}
		{A88EF3C3-5BB8-476F-A166-F40C5C356CEF} = {A88EF3C3-5BB8-476F-A166-F40C5C356CEF}
		{283B10EB-EE8E-4F7D-82EB-F772D1D449AD} = {283B10EB-EE8E-4F7D-82EB-F772D1D449AD}
		{4A8804EC-251A-44B9-AEF6-5B983D8ABB13} = {4A8804EC-251A-44B9-AEF6-5B983D8ABB13}
		{968E42FF-9055-493D-9E24-913550A4338E} = {968E42FF-9055-493D-9E24-913550A4338E}
	EndProjectSection
EndProject
Project("{FAE04EC0-301F-11D3-BF4B-00C04F79EFBC}") = "Interfaces", "..\AdventOfCode\Interfaces\Interfaces.csproj", "{8E871211-7987-4960-81C6-25538DFDCA91}"
EndProject
Project("{FAE04EC0-301F-11D3-BF4B-00C04F79EFBC}") = "SolverAOC2020_01", "SolverAOC2020_1\SolverAOC2020_01.csproj", "{BBE6165E-B6AE-4BBA-B71E-595A2F0BEAC7}"
EndProject
Project("{FAE04EC0-301F-11D3-BF4B-00C04F79EFBC}") = "SolverAOC2020_02", "SolverAOC2020_2\SolverAOC2020_02.csproj", "{165E4484-1DCB-4D98-B7A1-28EDDA9EEE6C}"
EndProject
Project("{FAE04EC0-301F-11D3-BF4B-00C04F79EFBC}") = "SolverAOC2020_03", "SolverAOC2020_3\SolverAOC2020_03.csproj", "{A8E03392-3DBF-4BFE-A89C-0019C6F9F297}"
EndProject
Project("{FAE04EC0-301F-11D3-BF4B-00C04F79EFBC}") = "SolverAOC2020_04", "SolverAOC2020_4\SolverAOC2020_04.csproj", "{0C247891-656A-425E-BC04-B79358999EDF}"
EndProject
Project("{FAE04EC0-301F-11D3-BF4B-00C04F79EFBC}") = "SolverAOC2020_05", "SolverAOC2020_5\SolverAOC2020_05.csproj", "{620A7F1E-1DF3-4201-A84D-AADE54683D75}"
EndProject
Project("{FAE04EC0-301F-11D3-BF4B-00C04F79EFBC}") = "SolverAOC2020_06", "SolverAOC2020_6\SolverAOC2020_06.csproj", "{967524C2-7C49-48CF-A840-E759B2CBEBBA}"
EndProject
Project("{FAE04EC0-301F-11D3-BF4B-00C04F79EFBC}") = "SolverAOC2020_07", "SolverAOC2020_7\SolverAOC2020_07.csproj", "{7470B7C3-EC90-427A-9E17-4C56C18A04F7}"
EndProject
Project("{FAE04EC0-301F-11D3-BF4B-00C04F79EFBC}") = "SolverAOC2020_08", "SolverAOC2020_8\SolverAOC2020_08.csproj", "{E17FA51E-B866-4D76-A944-D123A10D3CAE}"
EndProject
Project("{FAE04EC0-301F-11D3-BF4B-00C04F79EFBC}") = "SolverAOC2020_09", "SolverAOC2020_9\SolverAOC2020_09.csproj", "{A88EF3C3-5BB8-476F-A166-F40C5C356CEF}"
EndProject
Project("{FAE04EC0-301F-11D3-BF4B-00C04F79EFBC}") = "SolverAOC2020_10", "SolverAOC2020_10\SolverAOC2020_10.csproj", "{C112CC6A-3269-47C8-AD7B-B0C4F5951D8F}"
EndProject
Project("{FAE04EC0-301F-11D3-BF4B-00C04F79EFBC}") = "SolverAOC2020_11", "SolverAOC2020_11\SolverAOC2020_11.csproj", "{9A385546-97EB-445F-A519-BDB0A140C1DE}"
EndProject
Project("{FAE04EC0-301F-11D3-BF4B-00C04F79EFBC}") = "SolverAOC2020_12", "SolverAOC2020_12\SolverAOC2020_12.csproj", "{4A8804EC-251A-44B9-AEF6-5B983D8ABB13}"
EndProject
Project("{FAE04EC0-301F-11D3-BF4B-00C04F79EFBC}") = "SolverAOC2020_13", "SolverAOC2020_13\SolverAOC2020_13.csproj", "{E3A20C34-CDF7-4F62-9473-4555FA7C13B5}"
EndProject
Project("{FAE04EC0-301F-11D3-BF4B-00C04F79EFBC}") = "SolverAOC2020_14", "SolverAOC2020_14\SolverAOC2020_14.csproj", "{C92F7F75-FFA0-4A16-BCF1-390D9F936606}"
EndProject
Project("{FAE04EC0-301F-11D3-BF4B-00C04F79EFBC}") = "SolverAOC2020_15", "SolverAOC2020_15\SolverAOC2020_15.csproj", "{283B10EB-EE8E-4F7D-82EB-F772D1D449AD}"
EndProject
Project("{FAE04EC0-301F-11D3-BF4B-00C04F79EFBC}") = "SolverAOC2020_16", "SolverAOC2020_16\SolverAOC2020_16.csproj", "{968E42FF-9055-493D-9E24-913550A4338E}"
EndProject
Global
	GlobalSection(SolutionConfigurationPlatforms) = preSolution
		Debug|Any CPU = Debug|Any CPU
		Debug|x64 = Debug|x64
		Debug|x86 = Debug|x86
		Release|Any CPU = Release|Any CPU
		Release|x64 = Release|x64
		Release|x86 = Release|x86
	EndGlobalSection
	GlobalSection(ProjectConfigurationPlatforms) = postSolution
		{EBB07FE7-14EF-48B0-8B9F-F26E1948E0A1}.Debug|Any CPU.ActiveCfg = Debug|Any CPU
		{EBB07FE7-14EF-48B0-8B9F-F26E1948E0A1}.Debug|Any CPU.Build.0 = Debug|Any CPU
		{EBB07FE7-14EF-48B0-8B9F-F26E1948E0A1}.Debug|x64.ActiveCfg = Debug|x64
		{EBB07FE7-14EF-48B0-8B9F-F26E1948E0A1}.Debug|x64.Build.0 = Debug|x64
		{EBB07FE7-14EF-48B0-8B9F-F26E1948E0A1}.Debug|x86.ActiveCfg = Debug|x86
		{EBB07FE7-14EF-48B0-8B9F-F26E1948E0A1}.Debug|x86.Build.0 = Debug|x86
		{EBB07FE7-14EF-48B0-8B9F-F26E1948E0A1}.Release|Any CPU.ActiveCfg = Release|Any CPU
		{EBB07FE7-14EF-48B0-8B9F-F26E1948E0A1}.Release|Any CPU.Build.0 = Release|Any CPU
		{EBB07FE7-14EF-48B0-8B9F-F26E1948E0A1}.Release|x64.ActiveCfg = Release|x64
		{EBB07FE7-14EF-48B0-8B9F-F26E1948E0A1}.Release|x64.Build.0 = Release|x64
		{EBB07FE7-14EF-48B0-8B9F-F26E1948E0A1}.Release|x86.ActiveCfg = Release|x86
		{EBB07FE7-14EF-48B0-8B9F-F26E1948E0A1}.Release|x86.Build.0 = Release|x86
		{8E871211-7987-4960-81C6-25538DFDCA91}.Debug|Any CPU.ActiveCfg = Debug|Any CPU
		{8E871211-7987-4960-81C6-25538DFDCA91}.Debug|Any CPU.Build.0 = Debug|Any CPU
		{8E871211-7987-4960-81C6-25538DFDCA91}.Debug|x64.ActiveCfg = Debug|x64
		{8E871211-7987-4960-81C6-25538DFDCA91}.Debug|x64.Build.0 = Debug|x64
		{8E871211-7987-4960-81C6-25538DFDCA91}.Debug|x86.ActiveCfg = Debug|x86
		{8E871211-7987-4960-81C6-25538DFDCA91}.Debug|x86.Build.0 = Debug|x86
		{8E871211-7987-4960-81C6-25538DFDCA91}.Release|Any CPU.ActiveCfg = Release|Any CPU
		{8E871211-7987-4960-81C6-25538DFDCA91}.Release|Any CPU.Build.0 = Release|Any CPU
		{8E871211-7987-4960-81C6-25538DFDCA91}.Release|x64.ActiveCfg = Release|x64
		{8E871211-7987-4960-81C6-25538DFDCA91}.Release|x64.Build.0 = Release|x64
		{8E871211-7987-4960-81C6-25538DFDCA91}.Release|x86.ActiveCfg = Release|x86
		{8E871211-7987-4960-81C6-25538DFDCA91}.Release|x86.Build.0 = Release|x86
		{BBE6165E-B6AE-4BBA-B71E-595A2F0BEAC7}.Debug|Any CPU.ActiveCfg = Debug|Any CPU
		{BBE6165E-B6AE-4BBA-B71E-595A2F0BEAC7}.Debug|Any CPU.Build.0 = Debug|Any CPU
		{BBE6165E-B6AE-4BBA-B71E-595A2F0BEAC7}.Debug|x64.ActiveCfg = Debug|x64
		{BBE6165E-B6AE-4BBA-B71E-595A2F0BEAC7}.Debug|x64.Build.0 = Debug|x64
		{BBE6165E-B6AE-4BBA-B71E-595A2F0BEAC7}.Debug|x86.ActiveCfg = Debug|x86
		{BBE6165E-B6AE-4BBA-B71E-595A2F0BEAC7}.Debug|x86.Build.0 = Debug|x86
		{BBE6165E-B6AE-4BBA-B71E-595A2F0BEAC7}.Release|Any CPU.ActiveCfg = Release|Any CPU
		{BBE6165E-B6AE-4BBA-B71E-595A2F0BEAC7}.Release|Any CPU.Build.0 = Release|Any CPU
		{BBE6165E-B6AE-4BBA-B71E-595A2F0BEAC7}.Release|x64.ActiveCfg = Release|x64
		{BBE6165E-B6AE-4BBA-B71E-595A2F0BEAC7}.Release|x64.Build.0 = Release|x64
		{BBE6165E-B6AE-4BBA-B71E-595A2F0BEAC7}.Release|x86.ActiveCfg = Release|x86
		{BBE6165E-B6AE-4BBA-B71E-595A2F0BEAC7}.Release|x86.Build.0 = Release|x86
		{165E4484-1DCB-4D98-B7A1-28EDDA9EEE6C}.Debug|Any CPU.ActiveCfg = Debug|Any CPU
		{165E4484-1DCB-4D98-B7A1-28EDDA9EEE6C}.Debug|Any CPU.Build.0 = Debug|Any CPU
		{165E4484-1DCB-4D98-B7A1-28EDDA9EEE6C}.Debug|x64.ActiveCfg = Debug|x64
		{165E4484-1DCB-4D98-B7A1-28EDDA9EEE6C}.Debug|x64.Build.0 = Debug|x64
		{165E4484-1DCB-4D98-B7A1-28EDDA9EEE6C}.Debug|x86.ActiveCfg = Debug|x86
		{165E4484-1DCB-4D98-B7A1-28EDDA9EEE6C}.Debug|x86.Build.0 = Debug|x86
		{165E4484-1DCB-4D98-B7A1-28EDDA9EEE6C}.Release|Any CPU.ActiveCfg = Release|Any CPU
		{165E4484-1DCB-4D98-B7A1-28EDDA9EEE6C}.Release|Any CPU.Build.0 = Release|Any CPU
		{165E4484-1DCB-4D98-B7A1-28EDDA9EEE6C}.Release|x64.ActiveCfg = Release|x64
		{165E4484-1DCB-4D98-B7A1-28EDDA9EEE6C}.Release|x64.Build.0 = Release|x64
		{165E4484-1DCB-4D98-B7A1-28EDDA9EEE6C}.Release|x86.ActiveCfg = Release|x86
		{165E4484-1DCB-4D98-B7A1-28EDDA9EEE6C}.Release|x86.Build.0 = Release|x86
		{A8E03392-3DBF-4BFE-A89C-0019C6F9F297}.Debug|Any CPU.ActiveCfg = Debug|Any CPU
		{A8E03392-3DBF-4BFE-A89C-0019C6F9F297}.Debug|Any CPU.Build.0 = Debug|Any CPU
		{A8E03392-3DBF-4BFE-A89C-0019C6F9F297}.Debug|x64.ActiveCfg = Debug|x64
		{A8E03392-3DBF-4BFE-A89C-0019C6F9F297}.Debug|x64.Build.0 = Debug|x64
		{A8E03392-3DBF-4BFE-A89C-0019C6F9F297}.Debug|x86.ActiveCfg = Debug|x86
		{A8E03392-3DBF-4BFE-A89C-0019C6F9F297}.Debug|x86.Build.0 = Debug|x86
		{A8E03392-3DBF-4BFE-A89C-0019C6F9F297}.Release|Any CPU.ActiveCfg = Release|Any CPU
		{A8E03392-3DBF-4BFE-A89C-0019C6F9F297}.Release|Any CPU.Build.0 = Release|Any CPU
		{A8E03392-3DBF-4BFE-A89C-0019C6F9F297}.Release|x64.ActiveCfg = Release|x64
		{A8E03392-3DBF-4BFE-A89C-0019C6F9F297}.Release|x64.Build.0 = Release|x64
		{A8E03392-3DBF-4BFE-A89C-0019C6F9F297}.Release|x86.ActiveCfg = Release|x86
		{A8E03392-3DBF-4BFE-A89C-0019C6F9F297}.Release|x86.Build.0 = Release|x86
		{0C247891-656A-425E-BC04-B79358999EDF}.Debug|Any CPU.ActiveCfg = Debug|Any CPU
		{0C247891-656A-425E-BC04-B79358999EDF}.Debug|Any CPU.Build.0 = Debug|Any CPU
		{0C247891-656A-425E-BC04-B79358999EDF}.Debug|x64.ActiveCfg = Debug|x64
		{0C247891-656A-425E-BC04-B79358999EDF}.Debug|x64.Build.0 = Debug|x64
		{0C247891-656A-425E-BC04-B79358999EDF}.Debug|x86.ActiveCfg = Debug|x86
		{0C247891-656A-425E-BC04-B79358999EDF}.Debug|x86.Build.0 = Debug|x86
		{0C247891-656A-425E-BC04-B79358999EDF}.Release|Any CPU.ActiveCfg = Release|Any CPU
		{0C247891-656A-425E-BC04-B79358999EDF}.Release|Any CPU.Build.0 = Release|Any CPU
		{0C247891-656A-425E-BC04-B79358999EDF}.Release|x64.ActiveCfg = Release|x64
		{0C247891-656A-425E-BC04-B79358999EDF}.Release|x64.Build.0 = Release|x64
		{0C247891-656A-425E-BC04-B79358999EDF}.Release|x86.ActiveCfg = Release|x86
		{0C247891-656A-425E-BC04-B79358999EDF}.Release|x86.Build.0 = Release|x86
		{620A7F1E-1DF3-4201-A84D-AADE54683D75}.Debug|Any CPU.ActiveCfg = Debug|Any CPU
		{620A7F1E-1DF3-4201-A84D-AADE54683D75}.Debug|Any CPU.Build.0 = Debug|Any CPU
		{620A7F1E-1DF3-4201-A84D-AADE54683D75}.Debug|x64.ActiveCfg = Debug|x64
		{620A7F1E-1DF3-4201-A84D-AADE54683D75}.Debug|x64.Build.0 = Debug|x64
		{620A7F1E-1DF3-4201-A84D-AADE54683D75}.Debug|x86.ActiveCfg = Debug|x86
		{620A7F1E-1DF3-4201-A84D-AADE54683D75}.Debug|x86.Build.0 = Debug|x86
		{620A7F1E-1DF3-4201-A84D-AADE54683D75}.Release|Any CPU.ActiveCfg = Release|Any CPU
		{620A7F1E-1DF3-4201-A84D-AADE54683D75}.Release|Any CPU.Build.0 = Release|Any CPU
		{620A7F1E-1DF3-4201-A84D-AADE54683D75}.Release|x64.ActiveCfg = Release|x64
		{620A7F1E-1DF3-4201-A84D-AADE54683D75}.Release|x64.Build.0 = Release|x64
		{620A7F1E-1DF3-4201-A84D-AADE54683D75}.Release|x86.ActiveCfg = Release|x86
		{620A7F1E-1DF3-4201-A84D-AADE54683D75}.Release|x86.Build.0 = Release|x86
		{967524C2-7C49-48CF-A840-E759B2CBEBBA}.Debug|Any CPU.ActiveCfg = Debug|Any CPU
		{967524C2-7C49-48CF-A840-E759B2CBEBBA}.Debug|Any CPU.Build.0 = Debug|Any CPU
		{967524C2-7C49-48CF-A840-E759B2CBEBBA}.Debug|x64.ActiveCfg = Debug|x64
		{967524C2-7C49-48CF-A840-E759B2CBEBBA}.Debug|x64.Build.0 = Debug|x64
		{967524C2-7C49-48CF-A840-E759B2CBEBBA}.Debug|x86.ActiveCfg = Debug|x86
		{967524C2-7C49-48CF-A840-E759B2CBEBBA}.Debug|x86.Build.0 = Debug|x86
		{967524C2-7C49-48CF-A840-E759B2CBEBBA}.Release|Any CPU.ActiveCfg = Release|Any CPU
		{967524C2-7C49-48CF-A840-E759B2CBEBBA}.Release|Any CPU.Build.0 = Release|Any CPU
		{967524C2-7C49-48CF-A840-E759B2CBEBBA}.Release|x64.ActiveCfg = Release|x64
		{967524C2-7C49-48CF-A840-E759B2CBEBBA}.Release|x64.Build.0 = Release|x64
		{967524C2-7C49-48CF-A840-E759B2CBEBBA}.Release|x86.ActiveCfg = Release|x86
		{967524C2-7C49-48CF-A840-E759B2CBEBBA}.Release|x86.Build.0 = Release|x86
		{7470B7C3-EC90-427A-9E17-4C56C18A04F7}.Debug|Any CPU.ActiveCfg = Debug|Any CPU
		{7470B7C3-EC90-427A-9E17-4C56C18A04F7}.Debug|Any CPU.Build.0 = Debug|Any CPU
		{7470B7C3-EC90-427A-9E17-4C56C18A04F7}.Debug|x64.ActiveCfg = Debug|x64
		{7470B7C3-EC90-427A-9E17-4C56C18A04F7}.Debug|x64.Build.0 = Debug|x64
		{7470B7C3-EC90-427A-9E17-4C56C18A04F7}.Debug|x86.ActiveCfg = Debug|x86
		{7470B7C3-EC90-427A-9E17-4C56C18A04F7}.Debug|x86.Build.0 = Debug|x86
		{7470B7C3-EC90-427A-9E17-4C56C18A04F7}.Release|Any CPU.ActiveCfg = Release|Any CPU
		{7470B7C3-EC90-427A-9E17-4C56C18A04F7}.Release|Any CPU.Build.0 = Release|Any CPU
		{7470B7C3-EC90-427A-9E17-4C56C18A04F7}.Release|x64.ActiveCfg = Release|x64
		{7470B7C3-EC90-427A-9E17-4C56C18A04F7}.Release|x64.Build.0 = Release|x64
		{7470B7C3-EC90-427A-9E17-4C56C18A04F7}.Release|x86.ActiveCfg = Release|x86
		{7470B7C3-EC90-427A-9E17-4C56C18A04F7}.Release|x86.Build.0 = Release|x86
		{E17FA51E-B866-4D76-A944-D123A10D3CAE}.Debug|Any CPU.ActiveCfg = Debug|Any CPU
		{E17FA51E-B866-4D76-A944-D123A10D3CAE}.Debug|Any CPU.Build.0 = Debug|Any CPU
		{E17FA51E-B866-4D76-A944-D123A10D3CAE}.Debug|x64.ActiveCfg = Debug|x64
		{E17FA51E-B866-4D76-A944-D123A10D3CAE}.Debug|x64.Build.0 = Debug|x64
		{E17FA51E-B866-4D76-A944-D123A10D3CAE}.Debug|x86.ActiveCfg = Debug|x86
		{E17FA51E-B866-4D76-A944-D123A10D3CAE}.Debug|x86.Build.0 = Debug|x86
		{E17FA51E-B866-4D76-A944-D123A10D3CAE}.Release|Any CPU.ActiveCfg = Release|Any CPU
		{E17FA51E-B866-4D76-A944-D123A10D3CAE}.Release|Any CPU.Build.0 = Release|Any CPU
		{E17FA51E-B866-4D76-A944-D123A10D3CAE}.Release|x64.ActiveCfg = Release|x64
		{E17FA51E-B866-4D76-A944-D123A10D3CAE}.Release|x64.Build.0 = Release|x64
		{E17FA51E-B866-4D76-A944-D123A10D3CAE}.Release|x86.ActiveCfg = Release|x86
		{E17FA51E-B866-4D76-A944-D123A10D3CAE}.Release|x86.Build.0 = Release|x86
		{A88EF3C3-5BB8-476F-A166-F40C5C356CEF}.Debug|Any CPU.ActiveCfg = Debug|Any CPU
		{A88EF3C3-5BB8-476F-A166-F40C5C356CEF}.Debug|Any CPU.Build.0 = Debug|Any CPU
		{A88EF3C3-5BB8-476F-A166-F40C5C356CEF}.Debug|x64.ActiveCfg = Debug|x64
		{A88EF3C3-5BB8-476F-A166-F40C5C356CEF}.Debug|x64.Build.0 = Debug|x64
		{A88EF3C3-5BB8-476F-A166-F40C5C356CEF}.Debug|x86.ActiveCfg = Debug|x86
		{A88EF3C3-5BB8-476F-A166-F40C5C356CEF}.Debug|x86.Build.0 = Debug|x86
		{A88EF3C3-5BB8-476F-A166-F40C5C356CEF}.Release|Any CPU.ActiveCfg = Release|Any CPU
		{A88EF3C3-5BB8-476F-A166-F40C5C356CEF}.Release|Any CPU.Build.0 = Release|Any CPU
		{A88EF3C3-5BB8-476F-A166-F40C5C356CEF}.Release|x64.ActiveCfg = Release|x64
		{A88EF3C3-5BB8-476F-A166-F40C5C356CEF}.Release|x64.Build.0 = Release|x64
		{A88EF3C3-5BB8-476F-A166-F40C5C356CEF}.Release|x86.ActiveCfg = Release|x86
		{A88EF3C3-5BB8-476F-A166-F40C5C356CEF}.Release|x86.Build.0 = Release|x86
		{C112CC6A-3269-47C8-AD7B-B0C4F5951D8F}.Debug|Any CPU.ActiveCfg = Debug|Any CPU
		{C112CC6A-3269-47C8-AD7B-B0C4F5951D8F}.Debug|Any CPU.Build.0 = Debug|Any CPU
		{C112CC6A-3269-47C8-AD7B-B0C4F5951D8F}.Debug|x64.ActiveCfg = Debug|x64
		{C112CC6A-3269-47C8-AD7B-B0C4F5951D8F}.Debug|x64.Build.0 = Debug|x64
		{C112CC6A-3269-47C8-AD7B-B0C4F5951D8F}.Debug|x86.ActiveCfg = Debug|x86
		{C112CC6A-3269-47C8-AD7B-B0C4F5951D8F}.Debug|x86.Build.0 = Debug|x86
		{C112CC6A-3269-47C8-AD7B-B0C4F5951D8F}.Release|Any CPU.ActiveCfg = Release|Any CPU
		{C112CC6A-3269-47C8-AD7B-B0C4F5951D8F}.Release|Any CPU.Build.0 = Release|Any CPU
		{C112CC6A-3269-47C8-AD7B-B0C4F5951D8F}.Release|x64.ActiveCfg = Release|x64
		{C112CC6A-3269-47C8-AD7B-B0C4F5951D8F}.Release|x64.Build.0 = Release|x64
		{C112CC6A-3269-47C8-AD7B-B0C4F5951D8F}.Release|x86.ActiveCfg = Release|x86
		{C112CC6A-3269-47C8-AD7B-B0C4F5951D8F}.Release|x86.Build.0 = Release|x86
		{9A385546-97EB-445F-A519-BDB0A140C1DE}.Debug|Any CPU.ActiveCfg = Debug|Any CPU
		{9A385546-97EB-445F-A519-BDB0A140C1DE}.Debug|Any CPU.Build.0 = Debug|Any CPU
		{9A385546-97EB-445F-A519-BDB0A140C1DE}.Debug|x64.ActiveCfg = Debug|x64
		{9A385546-97EB-445F-A519-BDB0A140C1DE}.Debug|x64.Build.0 = Debug|x64
		{9A385546-97EB-445F-A519-BDB0A140C1DE}.Debug|x86.ActiveCfg = Debug|x86
		{9A385546-97EB-445F-A519-BDB0A140C1DE}.Debug|x86.Build.0 = Debug|x86
		{9A385546-97EB-445F-A519-BDB0A140C1DE}.Release|Any CPU.ActiveCfg = Release|Any CPU
		{9A385546-97EB-445F-A519-BDB0A140C1DE}.Release|Any CPU.Build.0 = Release|Any CPU
		{9A385546-97EB-445F-A519-BDB0A140C1DE}.Release|x64.ActiveCfg = Release|x64
		{9A385546-97EB-445F-A519-BDB0A140C1DE}.Release|x64.Build.0 = Release|x64
		{9A385546-97EB-445F-A519-BDB0A140C1DE}.Release|x86.ActiveCfg = Release|x86
		{9A385546-97EB-445F-A519-BDB0A140C1DE}.Release|x86.Build.0 = Release|x86
		{4A8804EC-251A-44B9-AEF6-5B983D8ABB13}.Debug|Any CPU.ActiveCfg = Debug|Any CPU
		{4A8804EC-251A-44B9-AEF6-5B983D8ABB13}.Debug|Any CPU.Build.0 = Debug|Any CPU
		{4A8804EC-251A-44B9-AEF6-5B983D8ABB13}.Debug|x64.ActiveCfg = Debug|x64
		{4A8804EC-251A-44B9-AEF6-5B983D8ABB13}.Debug|x64.Build.0 = Debug|x64
		{4A8804EC-251A-44B9-AEF6-5B983D8ABB13}.Debug|x86.ActiveCfg = Debug|x86
		{4A8804EC-251A-44B9-AEF6-5B983D8ABB13}.Debug|x86.Build.0 = Debug|x86
		{4A8804EC-251A-44B9-AEF6-5B983D8ABB13}.Release|Any CPU.ActiveCfg = Release|Any CPU
		{4A8804EC-251A-44B9-AEF6-5B983D8ABB13}.Release|Any CPU.Build.0 = Release|Any CPU
		{4A8804EC-251A-44B9-AEF6-5B983D8ABB13}.Release|x64.ActiveCfg = Release|x64
		{4A8804EC-251A-44B9-AEF6-5B983D8ABB13}.Release|x64.Build.0 = Release|x64
		{4A8804EC-251A-44B9-AEF6-5B983D8ABB13}.Release|x86.ActiveCfg = Release|x86
		{4A8804EC-251A-44B9-AEF6-5B983D8ABB13}.Release|x86.Build.0 = Release|x86
		{E3A20C34-CDF7-4F62-9473-4555FA7C13B5}.Debug|Any CPU.ActiveCfg = Debug|Any CPU
		{E3A20C34-CDF7-4F62-9473-4555FA7C13B5}.Debug|Any CPU.Build.0 = Debug|Any CPU
		{E3A20C34-CDF7-4F62-9473-4555FA7C13B5}.Debug|x64.ActiveCfg = Debug|x64
		{E3A20C34-CDF7-4F62-9473-4555FA7C13B5}.Debug|x64.Build.0 = Debug|x64
		{E3A20C34-CDF7-4F62-9473-4555FA7C13B5}.Debug|x86.ActiveCfg = Debug|x86
		{E3A20C34-CDF7-4F62-9473-4555FA7C13B5}.Debug|x86.Build.0 = Debug|x86
		{E3A20C34-CDF7-4F62-9473-4555FA7C13B5}.Release|Any CPU.ActiveCfg = Release|Any CPU
		{E3A20C34-CDF7-4F62-9473-4555FA7C13B5}.Release|Any CPU.Build.0 = Release|Any CPU
		{E3A20C34-CDF7-4F62-9473-4555FA7C13B5}.Release|x64.ActiveCfg = Release|x64
		{E3A20C34-CDF7-4F62-9473-4555FA7C13B5}.Release|x64.Build.0 = Release|x64
		{E3A20C34-CDF7-4F62-9473-4555FA7C13B5}.Release|x86.ActiveCfg = Release|x86
		{E3A20C34-CDF7-4F62-9473-4555FA7C13B5}.Release|x86.Build.0 = Release|x86
		{C92F7F75-FFA0-4A16-BCF1-390D9F936606}.Debug|Any CPU.ActiveCfg = Debug|Any CPU
		{C92F7F75-FFA0-4A16-BCF1-390D9F936606}.Debug|Any CPU.Build.0 = Debug|Any CPU
		{C92F7F75-FFA0-4A16-BCF1-390D9F936606}.Debug|x64.ActiveCfg = Debug|x64
		{C92F7F75-FFA0-4A16-BCF1-390D9F936606}.Debug|x64.Build.0 = Debug|x64
		{C92F7F75-FFA0-4A16-BCF1-390D9F936606}.Debug|x86.ActiveCfg = Debug|x86
		{C92F7F75-FFA0-4A16-BCF1-390D9F936606}.Debug|x86.Build.0 = Debug|x86
		{C92F7F75-FFA0-4A16-BCF1-390D9F936606}.Release|Any CPU.ActiveCfg = Release|Any CPU
		{C92F7F75-FFA0-4A16-BCF1-390D9F936606}.Release|Any CPU.Build.0 = Release|Any CPU
		{C92F7F75-FFA0-4A16-BCF1-390D9F936606}.Release|x64.ActiveCfg = Release|x64
		{C92F7F75-FFA0-4A16-BCF1-390D9F936606}.Release|x64.Build.0 = Release|x64
		{C92F7F75-FFA0-4A16-BCF1-390D9F936606}.Release|x86.ActiveCfg = Release|x86
		{C92F7F75-FFA0-4A16-BCF1-390D9F936606}.Release|x86.Build.0 = Release|x86
		{283B10EB-EE8E-4F7D-82EB-F772D1D449AD}.Debug|Any CPU.ActiveCfg = Debug|Any CPU
		{283B10EB-EE8E-4F7D-82EB-F772D1D449AD}.Debug|Any CPU.Build.0 = Debug|Any CPU
		{283B10EB-EE8E-4F7D-82EB-F772D1D449AD}.Debug|x64.ActiveCfg = Debug|x64
		{283B10EB-EE8E-4F7D-82EB-F772D1D449AD}.Debug|x64.Build.0 = Debug|x64
		{283B10EB-EE8E-4F7D-82EB-F772D1D449AD}.Debug|x86.ActiveCfg = Debug|x86
		{283B10EB-EE8E-4F7D-82EB-F772D1D449AD}.Debug|x86.Build.0 = Debug|x86
		{283B10EB-EE8E-4F7D-82EB-F772D1D449AD}.Release|Any CPU.ActiveCfg = Release|Any CPU
		{283B10EB-EE8E-4F7D-82EB-F772D1D449AD}.Release|Any CPU.Build.0 = Release|Any CPU
		{283B10EB-EE8E-4F7D-82EB-F772D1D449AD}.Release|x64.ActiveCfg = Release|x64
		{283B10EB-EE8E-4F7D-82EB-F772D1D449AD}.Release|x64.Build.0 = Release|x64
		{283B10EB-EE8E-4F7D-82EB-F772D1D449AD}.Release|x86.ActiveCfg = Release|x86
		{283B10EB-EE8E-4F7D-82EB-F772D1D449AD}.Release|x86.Build.0 = Release|x86
		{968E42FF-9055-493D-9E24-913550A4338E}.Debug|Any CPU.ActiveCfg = Debug|Any CPU
		{968E42FF-9055-493D-9E24-913550A4338E}.Debug|Any CPU.Build.0 = Debug|Any CPU
		{968E42FF-9055-493D-9E24-913550A4338E}.Debug|x64.ActiveCfg = Debug|x64
		{968E42FF-9055-493D-9E24-913550A4338E}.Debug|x64.Build.0 = Debug|x64
		{968E42FF-9055-493D-9E24-913550A4338E}.Debug|x86.ActiveCfg = Debug|x86
		{968E42FF-9055-493D-9E24-913550A4338E}.Debug|x86.Build.0 = Debug|x86
		{968E42FF-9055-493D-9E24-913550A4338E}.Release|Any CPU.ActiveCfg = Release|Any CPU
		{968E42FF-9055-493D-9E24-913550A4338E}.Release|Any CPU.Build.0 = Release|Any CPU
		{968E42FF-9055-493D-9E24-913550A4338E}.Release|x64.ActiveCfg = Release|x64
		{968E42FF-9055-493D-9E24-913550A4338E}.Release|x64.Build.0 = Release|x64
		{968E42FF-9055-493D-9E24-913550A4338E}.Release|x86.ActiveCfg = Release|x86
		{968E42FF-9055-493D-9E24-913550A4338E}.Release|x86.Build.0 = Release|x86
	EndGlobalSection
	GlobalSection(SolutionProperties) = preSolution
		HideSolutionNode = FALSE
	EndGlobalSection
	GlobalSection(ExtensibilityGlobals) = postSolution
		SolutionGuid = {E039A7AE-65E5-4352-B007-AB36AD6201D3}
	EndGlobalSection
EndGlobal
